// !$*UTF8*$!
{
	archiveVersion = 1;
	classes = {
	};
	objectVersion = 46;
	objects = {

/* Begin PBXBuildFile section */
		DD52CFDA1A9769B500AA63F2 /* AppDelegate.swift in Sources */ = {isa = PBXBuildFile; fileRef = DD52CFD91A9769B500AA63F2 /* AppDelegate.swift */; };
		DD52CFDC1A9769B500AA63F2 /* ViewController.swift in Sources */ = {isa = PBXBuildFile; fileRef = DD52CFDB1A9769B500AA63F2 /* ViewController.swift */; };
		DD52CFDE1A9769B500AA63F2 /* Document.swift in Sources */ = {isa = PBXBuildFile; fileRef = DD52CFDD1A9769B500AA63F2 /* Document.swift */; };
		DD52CFE01A9769B500AA63F2 /* Images.xcassets in Resources */ = {isa = PBXBuildFile; fileRef = DD52CFDF1A9769B500AA63F2 /* Images.xcassets */; };
		DD52CFE31A9769B500AA63F2 /* Main.storyboard in Resources */ = {isa = PBXBuildFile; fileRef = DD52CFE11A9769B500AA63F2 /* Main.storyboard */; };
		DD52CFEF1A9769B500AA63F2 /* LocalizedStringsTests.swift in Sources */ = {isa = PBXBuildFile; fileRef = DD52CFEE1A9769B500AA63F2 /* LocalizedStringsTests.swift */; };
		DD52CFF91A976C8500AA63F2 /* LocalizedString.swift in Sources */ = {isa = PBXBuildFile; fileRef = DD52CFF81A976C8500AA63F2 /* LocalizedString.swift */; };
		DD52CFFB1A976E6D00AA63F2 /* StringsFile.swift in Sources */ = {isa = PBXBuildFile; fileRef = DD52CFFA1A976E6D00AA63F2 /* StringsFile.swift */; };
		DD7C93481A9B6A5A00A0680D /* StringPattern.swift in Sources */ = {isa = PBXBuildFile; fileRef = DD7C93471A9B6A5A00A0680D /* StringPattern.swift */; };
		DD8052821A977864002F8456 /* WindowController.swift in Sources */ = {isa = PBXBuildFile; fileRef = DD8052811A977864002F8456 /* WindowController.swift */; };
/* End PBXBuildFile section */

/* Begin PBXContainerItemProxy section */
		DD52CFE91A9769B500AA63F2 /* PBXContainerItemProxy */ = {
			isa = PBXContainerItemProxy;
			containerPortal = DD52CFCC1A9769B500AA63F2 /* Project object */;
			proxyType = 1;
			remoteGlobalIDString = DD52CFD31A9769B500AA63F2;
			remoteInfo = LocalizedStrings;
		};
/* End PBXContainerItemProxy section */

/* Begin PBXFileReference section */
		DD52CFD41A9769B500AA63F2 /* LocalizedStrings.app */ = {isa = PBXFileReference; explicitFileType = wrapper.application; includeInIndex = 0; path = LocalizedStrings.app; sourceTree = BUILT_PRODUCTS_DIR; };
		DD52CFD81A9769B500AA63F2 /* Info.plist */ = {isa = PBXFileReference; lastKnownFileType = text.plist.xml; path = Info.plist; sourceTree = "<group>"; };
		DD52CFD91A9769B500AA63F2 /* AppDelegate.swift */ = {isa = PBXFileReference; lastKnownFileType = sourcecode.swift; path = AppDelegate.swift; sourceTree = "<group>"; };
		DD52CFDB1A9769B500AA63F2 /* ViewController.swift */ = {isa = PBXFileReference; lastKnownFileType = sourcecode.swift; path = ViewController.swift; sourceTree = "<group>"; };
		DD52CFDD1A9769B500AA63F2 /* Document.swift */ = {isa = PBXFileReference; lastKnownFileType = sourcecode.swift; path = Document.swift; sourceTree = "<group>"; };
		DD52CFDF1A9769B500AA63F2 /* Images.xcassets */ = {isa = PBXFileReference; lastKnownFileType = folder.assetcatalog; name = Images.xcassets; path = LocalizedStrings/Images.xcassets; sourceTree = "<group>"; };
		DD52CFE21A9769B500AA63F2 /* Base */ = {isa = PBXFileReference; lastKnownFileType = file.storyboard; name = Base; path = Base.lproj/Main.storyboard; sourceTree = "<group>"; };
		DD52CFE81A9769B500AA63F2 /* LocalizedStringsTests.xctest */ = {isa = PBXFileReference; explicitFileType = wrapper.cfbundle; includeInIndex = 0; path = LocalizedStringsTests.xctest; sourceTree = BUILT_PRODUCTS_DIR; };
		DD52CFED1A9769B500AA63F2 /* Info.plist */ = {isa = PBXFileReference; lastKnownFileType = text.plist.xml; path = Info.plist; sourceTree = "<group>"; };
		DD52CFEE1A9769B500AA63F2 /* LocalizedStringsTests.swift */ = {isa = PBXFileReference; lastKnownFileType = sourcecode.swift; path = LocalizedStringsTests.swift; sourceTree = "<group>"; };
		DD52CFF81A976C8500AA63F2 /* LocalizedString.swift */ = {isa = PBXFileReference; fileEncoding = 4; lastKnownFileType = sourcecode.swift; path = LocalizedString.swift; sourceTree = "<group>"; };
		DD52CFFA1A976E6D00AA63F2 /* StringsFile.swift */ = {isa = PBXFileReference; fileEncoding = 4; lastKnownFileType = sourcecode.swift; path = StringsFile.swift; sourceTree = "<group>"; };
		DD7C93471A9B6A5A00A0680D /* StringPattern.swift */ = {isa = PBXFileReference; fileEncoding = 4; lastKnownFileType = sourcecode.swift; name = StringPattern.swift; path = LocalizedStrings/StringPattern.swift; sourceTree = "<group>"; };
		DD8052811A977864002F8456 /* WindowController.swift */ = {isa = PBXFileReference; fileEncoding = 4; lastKnownFileType = sourcecode.swift; path = WindowController.swift; sourceTree = "<group>"; };
/* End PBXFileReference section */

/* Begin PBXFrameworksBuildPhase section */
		DD52CFD11A9769B500AA63F2 /* Frameworks */ = {
			isa = PBXFrameworksBuildPhase;
			buildActionMask = 2147483647;
			files = (
			);
			runOnlyForDeploymentPostprocessing = 0;
		};
		DD52CFE51A9769B500AA63F2 /* Frameworks */ = {
			isa = PBXFrameworksBuildPhase;
			buildActionMask = 2147483647;
			files = (
			);
			runOnlyForDeploymentPostprocessing = 0;
		};
/* End PBXFrameworksBuildPhase section */

/* Begin PBXGroup section */
		DD52CFCB1A9769B500AA63F2 = {
			isa = PBXGroup;
			children = (
				DD7C93471A9B6A5A00A0680D /* StringPattern.swift */,
				DD52CFDF1A9769B500AA63F2 /* Images.xcassets */,
				DD52CFD61A9769B500AA63F2 /* LocalizedStrings */,
				DD52CFEB1A9769B500AA63F2 /* LocalizedStringsTests */,
				DD52CFD51A9769B500AA63F2 /* Products */,
			);
			sourceTree = "<group>";
		};
		DD52CFD51A9769B500AA63F2 /* Products */ = {
			isa = PBXGroup;
			children = (
				DD52CFD41A9769B500AA63F2 /* LocalizedStrings.app */,
				DD52CFE81A9769B500AA63F2 /* LocalizedStringsTests.xctest */,
			);
			name = Products;
			sourceTree = "<group>";
		};
		DD52CFD61A9769B500AA63F2 /* LocalizedStrings */ = {
			isa = PBXGroup;
			children = (
				DD52CFD91A9769B500AA63F2 /* AppDelegate.swift */,
				DD52CFDB1A9769B500AA63F2 /* ViewController.swift */,
				DD52CFDD1A9769B500AA63F2 /* Document.swift */,
				DD52CFE11A9769B500AA63F2 /* Main.storyboard */,
				DD52CFD71A9769B500AA63F2 /* Supporting Files */,
				DD52CFF81A976C8500AA63F2 /* LocalizedString.swift */,
				DD52CFFA1A976E6D00AA63F2 /* StringsFile.swift */,
				DD8052811A977864002F8456 /* WindowController.swift */,
			);
			path = LocalizedStrings;
			sourceTree = "<group>";
		};
		DD52CFD71A9769B500AA63F2 /* Supporting Files */ = {
			isa = PBXGroup;
			children = (
				DD52CFD81A9769B500AA63F2 /* Info.plist */,
			);
			name = "Supporting Files";
			sourceTree = "<group>";
		};
		DD52CFEB1A9769B500AA63F2 /* LocalizedStringsTests */ = {
			isa = PBXGroup;
			children = (
				DD52CFEE1A9769B500AA63F2 /* LocalizedStringsTests.swift */,
				DD52CFEC1A9769B500AA63F2 /* Supporting Files */,
			);
			path = LocalizedStringsTests;
			sourceTree = "<group>";
		};
		DD52CFEC1A9769B500AA63F2 /* Supporting Files */ = {
			isa = PBXGroup;
			children = (
				DD52CFED1A9769B500AA63F2 /* Info.plist */,
			);
			name = "Supporting Files";
			sourceTree = "<group>";
		};
/* End PBXGroup section */

/* Begin PBXNativeTarget section */
		DD52CFD31A9769B500AA63F2 /* LocalizedStrings */ = {
			isa = PBXNativeTarget;
			buildConfigurationList = DD52CFF21A9769B500AA63F2 /* Build configuration list for PBXNativeTarget "LocalizedStrings" */;
			buildPhases = (
				DD52CFD01A9769B500AA63F2 /* Sources */,
				DD52CFD11A9769B500AA63F2 /* Frameworks */,
				DD52CFD21A9769B500AA63F2 /* Resources */,
			);
			buildRules = (
			);
			dependencies = (
			);
			name = LocalizedStrings;
			productName = LocalizedStrings;
			productReference = DD52CFD41A9769B500AA63F2 /* LocalizedStrings.app */;
			productType = "com.apple.product-type.application";
		};
		DD52CFE71A9769B500AA63F2 /* LocalizedStringsTests */ = {
			isa = PBXNativeTarget;
			buildConfigurationList = DD52CFF51A9769B500AA63F2 /* Build configuration list for PBXNativeTarget "LocalizedStringsTests" */;
			buildPhases = (
				DD52CFE41A9769B500AA63F2 /* Sources */,
				DD52CFE51A9769B500AA63F2 /* Frameworks */,
				DD52CFE61A9769B500AA63F2 /* Resources */,
			);
			buildRules = (
			);
			dependencies = (
				DD52CFEA1A9769B500AA63F2 /* PBXTargetDependency */,
			);
			name = LocalizedStringsTests;
			productName = LocalizedStringsTests;
			productReference = DD52CFE81A9769B500AA63F2 /* LocalizedStringsTests.xctest */;
			productType = "com.apple.product-type.bundle.unit-test";
		};
/* End PBXNativeTarget section */

/* Begin PBXProject section */
		DD52CFCC1A9769B500AA63F2 /* Project object */ = {
			isa = PBXProject;
			attributes = {
				LastUpgradeCheck = 0610;
				ORGANIZATIONNAME = "Vadim Shpakovski";
				TargetAttributes = {
					DD52CFD31A9769B500AA63F2 = {
						CreatedOnToolsVersion = 6.1.1;
					};
					DD52CFE71A9769B500AA63F2 = {
						CreatedOnToolsVersion = 6.1.1;
						TestTargetID = DD52CFD31A9769B500AA63F2;
					};
				};
			};
			buildConfigurationList = DD52CFCF1A9769B500AA63F2 /* Build configuration list for PBXProject "LocalizedStrings" */;
			compatibilityVersion = "Xcode 3.2";
			developmentRegion = English;
			hasScannedForEncodings = 0;
			knownRegions = (
				en,
				Base,
			);
			mainGroup = DD52CFCB1A9769B500AA63F2;
			productRefGroup = DD52CFD51A9769B500AA63F2 /* Products */;
			projectDirPath = "";
			projectRoot = "";
			targets = (
				DD52CFD31A9769B500AA63F2 /* LocalizedStrings */,
				DD52CFE71A9769B500AA63F2 /* LocalizedStringsTests */,
			);
		};
/* End PBXProject section */

/* Begin PBXResourcesBuildPhase section */
		DD52CFD21A9769B500AA63F2 /* Resources */ = {
			isa = PBXResourcesBuildPhase;
			buildActionMask = 2147483647;
			files = (
				DD52CFE01A9769B500AA63F2 /* Images.xcassets in Resources */,
				DD52CFE31A9769B500AA63F2 /* Main.storyboard in Resources */,
			);
			runOnlyForDeploymentPostprocessing = 0;
		};
		DD52CFE61A9769B500AA63F2 /* Resources */ = {
			isa = PBXResourcesBuildPhase;
			buildActionMask = 2147483647;
			files = (
			);
			runOnlyForDeploymentPostprocessing = 0;
		};
/* End PBXResourcesBuildPhase section */

/* Begin PBXSourcesBuildPhase section */
		DD52CFD01A9769B500AA63F2 /* Sources */ = {
			isa = PBXSourcesBuildPhase;
			buildActionMask = 2147483647;
			files = (
				DD52CFFB1A976E6D00AA63F2 /* StringsFile.swift in Sources */,
				DD8052821A977864002F8456 /* WindowController.swift in Sources */,
				DD52CFDC1A9769B500AA63F2 /* ViewController.swift in Sources */,
				DD7C93481A9B6A5A00A0680D /* StringPattern.swift in Sources */,
				DD52CFDA1A9769B500AA63F2 /* AppDelegate.swift in Sources */,
				DD52CFF91A976C8500AA63F2 /* LocalizedString.swift in Sources */,
				DD52CFDE1A9769B500AA63F2 /* Document.swift in Sources */,
			);
			runOnlyForDeploymentPostprocessing = 0;
		};
		DD52CFE41A9769B500AA63F2 /* Sources */ = {
			isa = PBXSourcesBuildPhase;
			buildActionMask = 2147483647;
			files = (
				DD52CFEF1A9769B500AA63F2 /* LocalizedStringsTests.swift in Sources */,
			);
			runOnlyForDeploymentPostprocessing = 0;
		};
/* End PBXSourcesBuildPhase section */

/* Begin PBXTargetDependency section */
		DD52CFEA1A9769B500AA63F2 /* PBXTargetDependency */ = {
			isa = PBXTargetDependency;
			target = DD52CFD31A9769B500AA63F2 /* LocalizedStrings */;
			targetProxy = DD52CFE91A9769B500AA63F2 /* PBXContainerItemProxy */;
		};
/* End PBXTargetDependency section */

/* Begin PBXVariantGroup section */
		DD52CFE11A9769B500AA63F2 /* Main.storyboard */ = {
			isa = PBXVariantGroup;
			children = (
				DD52CFE21A9769B500AA63F2 /* Base */,
			);
			name = Main.storyboard;
			sourceTree = "<group>";
		};
/* End PBXVariantGroup section */

/* Begin XCBuildConfiguration section */
		DD52CFF01A9769B500AA63F2 /* Debug */ = {
			isa = XCBuildConfiguration;
			buildSettings = {
				ALWAYS_SEARCH_USER_PATHS = NO;
				CLANG_CXX_LANGUAGE_STANDARD = "gnu++0x";
				CLANG_CXX_LIBRARY = "libc++";
				CLANG_ENABLE_MODULES = YES;
				CLANG_ENABLE_OBJC_ARC = YES;
				CLANG_WARN_BOOL_CONVERSION = YES;
				CLANG_WARN_CONSTANT_CONVERSION = YES;
				CLANG_WARN_DIRECT_OBJC_ISA_USAGE = YES_ERROR;
				CLANG_WARN_EMPTY_BODY = YES;
				CLANG_WARN_ENUM_CONVERSION = YES;
				CLANG_WARN_INT_CONVERSION = YES;
				CLANG_WARN_OBJC_ROOT_CLASS = YES_ERROR;
				CLANG_WARN_UNREACHABLE_CODE = YES;
				CLANG_WARN__DUPLICATE_METHOD_MATCH = YES;
				CODE_SIGN_IDENTITY = "-";
				COPY_PHASE_STRIP = NO;
				ENABLE_STRICT_OBJC_MSGSEND = YES;
				GCC_C_LANGUAGE_STANDARD = gnu99;
				GCC_DYNAMIC_NO_PIC = NO;
				GCC_OPTIMIZATION_LEVEL = 0;
				GCC_PREPROCESSOR_DEFINITIONS = (
					"DEBUG=1",
					"$(inherited)",
				);
				GCC_SYMBOLS_PRIVATE_EXTERN = NO;
				GCC_WARN_64_TO_32_BIT_CONVERSION = YES;
				GCC_WARN_ABOUT_RETURN_TYPE = YES_ERROR;
				GCC_WARN_UNDECLARED_SELECTOR = YES;
				GCC_WARN_UNINITIALIZED_AUTOS = YES_AGGRESSIVE;
				GCC_WARN_UNUSED_FUNCTION = YES;
				GCC_WARN_UNUSED_VARIABLE = YES;
				MACOSX_DEPLOYMENT_TARGET = 10.10;
				MTL_ENABLE_DEBUG_INFO = YES;
				ONLY_ACTIVE_ARCH = YES;
				SDKROOT = macosx;
				SWIFT_OPTIMIZATION_LEVEL = "-Onone";
			};
			name = Debug;
		};
		DD52CFF11A9769B500AA63F2 /* Release */ = {
			isa = XCBuildConfiguration;
			buildSettings = {
				ALWAYS_SEARCH_USER_PATHS = NO;
				CLANG_CXX_LANGUAGE_STANDARD = "gnu++0x";
				CLANG_CXX_LIBRARY = "libc++";
				CLANG_ENABLE_MODULES = YES;
				CLANG_ENABLE_OBJC_ARC = YES;
				CLANG_WARN_BOOL_CONVERSION = YES;
				CLANG_WARN_CONSTANT_CONVERSION = YES;
				CLANG_WARN_DIRECT_OBJC_ISA_USAGE = YES_ERROR;
				CLANG_WARN_EMPTY_BODY = YES;
				CLANG_WARN_ENUM_CONVERSION = YES;
				CLANG_WARN_INT_CONVERSION = YES;
				CLANG_WARN_OBJC_ROOT_CLASS = YES_ERROR;
				CLANG_WARN_UNREACHABLE_CODE = YES;
				CLANG_WARN__DUPLICATE_METHOD_MATCH = YES;
				CODE_SIGN_IDENTITY = "-";
				COPY_PHASE_STRIP = YES;
				DEBUG_INFORMATION_FORMAT = "dwarf-with-dsym";
				ENABLE_NS_ASSERTIONS = NO;
				ENABLE_STRICT_OBJC_MSGSEND = YES;
				GCC_C_LANGUAGE_STANDARD = gnu99;
				GCC_WARN_64_TO_32_BIT_CONVERSION = YES;
				GCC_WARN_ABOUT_RETURN_TYPE = YES_ERROR;
				GCC_WARN_UNDECLARED_SELECTOR = YES;
				GCC_WARN_UNINITIALIZED_AUTOS = YES_AGGRESSIVE;
				GCC_WARN_UNUSED_FUNCTION = YES;
				GCC_WARN_UNUSED_VARIABLE = YES;
				MACOSX_DEPLOYMENT_TARGET = 10.10;
				MTL_ENABLE_DEBUG_INFO = NO;
				SDKROOT = macosx;
			};
			name = Release;
		};
		DD52CFF31A9769B500AA63F2 /* Debug */ = {
			isa = XCBuildConfiguration;
			buildSettings = {
				ASSETCATALOG_COMPILER_APPICON_NAME = AppIcon;
				COMBINE_HIDPI_IMAGES = YES;
				INFOPLIST_FILE = LocalizedStrings/Info.plist;
				LD_RUNPATH_SEARCH_PATHS = "$(inherited) @executable_path/../Frameworks";
				PRODUCT_NAME = "$(TARGET_NAME)";
			};
			name = Debug;
		};
		DD52CFF41A9769B500AA63F2 /* Release */ = {
			isa = XCBuildConfiguration;
			buildSettings = {
				ASSETCATALOG_COMPILER_APPICON_NAME = AppIcon;
				COMBINE_HIDPI_IMAGES = YES;
				INFOPLIST_FILE = LocalizedStrings/Info.plist;
				LD_RUNPATH_SEARCH_PATHS = "$(inherited) @executable_path/../Frameworks";
				PRODUCT_NAME = "$(TARGET_NAME)";
			};
			name = Release;
		};
		DD52CFF61A9769B500AA63F2 /* Debug */ = {
			isa = XCBuildConfiguration;
			buildSettings = {
				BUNDLE_LOADER = "$(TEST_HOST)";
				COMBINE_HIDPI_IMAGES = YES;
				FRAMEWORK_SEARCH_PATHS = (
					"$(DEVELOPER_FRAMEWORKS_DIR)",
					"$(inherited)",
				);
				GCC_PREPROCESSOR_DEFINITIONS = (
					"DEBUG=1",
					"$(inherited)",
				);
				INFOPLIST_FILE = LocalizedStringsTests/Info.plist;
				LD_RUNPATH_SEARCH_PATHS = "$(inherited) @executable_path/../Frameworks @loader_path/../Frameworks";
				PRODUCT_NAME = "$(TARGET_NAME)";
				TEST_HOST = "$(BUILT_PRODUCTS_DIR)/LocalizedStrings.app/Contents/MacOS/LocalizedStrings";
			};
			name = Debug;
		};
		DD52CFF71A9769B500AA63F2 /* Release */ = {
			isa = XCBuildConfiguration;
			buildSettings = {
				BUNDLE_LOADER = "$(TEST_HOST)";
				COMBINE_HIDPI_IMAGES = YES;
				FRAMEWORK_SEARCH_PATHS = (
					"$(DEVELOPER_FRAMEWORKS_DIR)",
					"$(inherited)",
				);
				INFOPLIST_FILE = LocalizedStringsTests/Info.plist;
				LD_RUNPATH_SEARCH_PATHS = "$(inherited) @executable_path/../Frameworks @loader_path/../Frameworks";
				PRODUCT_NAME = "$(TARGET_NAME)";
				TEST_HOST = "$(BUILT_PRODUCTS_DIR)/LocalizedStrings.app/Contents/MacOS/LocalizedStrings";
			};
			name = Release;
		};
/* End XCBuildConfiguration section */

/* Begin XCConfigurationList section */
		DD52CFCF1A9769B500AA63F2 /* Build configuration list for PBXProject "LocalizedStrings" */ = {
			isa = XCConfigurationList;
			buildConfigurations = (
				DD52CFF01A9769B500AA63F2 /* Debug */,
				DD52CFF11A9769B500AA63F2 /* Release */,
			);
			defaultConfigurationIsVisible = 0;
			defaultConfigurationName = Release;
		};
		DD52CFF21A9769B500AA63F2 /* Build configuration list for PBXNativeTarget "LocalizedStrings" */ = {
			isa = XCConfigurationList;
			buildConfigurations = (
				DD52CFF31A9769B500AA63F2 /* Debug */,
				DD52CFF41A9769B500AA63F2 /* Release */,
			);
			defaultConfigurationIsVisible = 0;
			defaultConfigurationName = Release;
		};
		DD52CFF51A9769B500AA63F2 /* Build configuration list for PBXNativeTarget "LocalizedStringsTests" */ = {
			isa = XCConfigurationList;
			buildConfigurations = (
				DD52CFF61A9769B500AA63F2 /* Debug */,
				DD52CFF71A9769B500AA63F2 /* Release */,
			);
			defaultConfigurationIsVisible = 0;
			defaultConfigurationName = Release;
		};
/* End XCConfigurationList section */
	};
	rootObject = DD52CFCC1A9769B500AA63F2 /* Project object */;
}
